// !$*UTF8*$!
{
	archiveVersion = 1;
	classes = {
	};
	objectVersion = 56;
	objects = {

/* Begin PBXBuildFile section */
		A15B30032C8B91F8007F28B6 /* HealthKitManager.swift in Sources */ = {isa = PBXBuildFile; fileRef = A15B30022C8B91F8007F28B6 /* HealthKitManager.swift */; };
		A15B30082C8B936D007F28B6 /* PermissionRequestViewModel.swift in Sources */ = {isa = PBXBuildFile; fileRef = A15B30072C8B936D007F28B6 /* PermissionRequestViewModel.swift */; };
		A15D1C162C88BB6D00A115DF /* Health_AppApp.swift in Sources */ = {isa = PBXBuildFile; fileRef = A15D1C152C88BB6D00A115DF /* Health_AppApp.swift */; };
		A15D1C182C88BB6D00A115DF /* PermissionRequestView.swift in Sources */ = {isa = PBXBuildFile; fileRef = A15D1C172C88BB6D00A115DF /* PermissionRequestView.swift */; };
		A15D1C1A2C88BB6E00A115DF /* Assets.xcassets in Resources */ = {isa = PBXBuildFile; fileRef = A15D1C192C88BB6E00A115DF /* Assets.xcassets */; };
		A15D1C1D2C88BB6E00A115DF /* Preview Assets.xcassets in Resources */ = {isa = PBXBuildFile; fileRef = A15D1C1C2C88BB6E00A115DF /* Preview Assets.xcassets */; };
		A15E2D892C8C2EF9003CA740 /* DashboardView.swift in Sources */ = {isa = PBXBuildFile; fileRef = A15E2D882C8C2EF9003CA740 /* DashboardView.swift */; };
		A15E2D8C2C8C3071003CA740 /* NavigationDestination.swift in Sources */ = {isa = PBXBuildFile; fileRef = A15E2D8B2C8C3071003CA740 /* NavigationDestination.swift */; };
		A15E2D8E2C8C3335003CA740 /* DashboardViewModel.swift in Sources */ = {isa = PBXBuildFile; fileRef = A15E2D8D2C8C3335003CA740 /* DashboardViewModel.swift */; };
		A15E2D922C8C40E4003CA740 /* EmptyView.swift in Sources */ = {isa = PBXBuildFile; fileRef = A15E2D912C8C40E4003CA740 /* EmptyView.swift */; };
		A15E2D952C8C4603003CA740 /* Card View.swift in Sources */ = {isa = PBXBuildFile; fileRef = A15E2D942C8C4603003CA740 /* Card View.swift */; };
		A179B8812C9C932300B79E80 /* Logger.swift in Sources */ = {isa = PBXBuildFile; fileRef = A179B8802C9C932300B79E80 /* Logger.swift */; };
		A1D8F6CE2CB3CAFE00530A66 /* Calendar Extensions.swift in Sources */ = {isa = PBXBuildFile; fileRef = A1D8F6CD2CB3CAFE00530A66 /* Calendar Extensions.swift */; };
/* End PBXBuildFile section */

/* Begin PBXFileReference section */
		A15B30012C8B9175007F28B6 /* Health App.entitlements */ = {isa = PBXFileReference; lastKnownFileType = text.plist.entitlements; path = "Health App.entitlements"; sourceTree = "<group>"; };
		A15B30022C8B91F8007F28B6 /* HealthKitManager.swift */ = {isa = PBXFileReference; lastKnownFileType = sourcecode.swift; path = HealthKitManager.swift; sourceTree = "<group>"; };
		A15B30072C8B936D007F28B6 /* PermissionRequestViewModel.swift */ = {isa = PBXFileReference; lastKnownFileType = sourcecode.swift; path = PermissionRequestViewModel.swift; sourceTree = "<group>"; };
		A15D1C122C88BB6D00A115DF /* Health App.app */ = {isa = PBXFileReference; explicitFileType = wrapper.application; includeInIndex = 0; path = "Health App.app"; sourceTree = BUILT_PRODUCTS_DIR; };
		A15D1C152C88BB6D00A115DF /* Health_AppApp.swift */ = {isa = PBXFileReference; lastKnownFileType = sourcecode.swift; path = Health_AppApp.swift; sourceTree = "<group>"; };
		A15D1C172C88BB6D00A115DF /* PermissionRequestView.swift */ = {isa = PBXFileReference; lastKnownFileType = sourcecode.swift; path = PermissionRequestView.swift; sourceTree = "<group>"; };
		A15D1C192C88BB6E00A115DF /* Assets.xcassets */ = {isa = PBXFileReference; lastKnownFileType = folder.assetcatalog; path = Assets.xcassets; sourceTree = "<group>"; };
		A15D1C1C2C88BB6E00A115DF /* Preview Assets.xcassets */ = {isa = PBXFileReference; lastKnownFileType = folder.assetcatalog; path = "Preview Assets.xcassets"; sourceTree = "<group>"; };
		A15E2D882C8C2EF9003CA740 /* DashboardView.swift */ = {isa = PBXFileReference; lastKnownFileType = sourcecode.swift; path = DashboardView.swift; sourceTree = "<group>"; };
		A15E2D8B2C8C3071003CA740 /* NavigationDestination.swift */ = {isa = PBXFileReference; lastKnownFileType = sourcecode.swift; path = NavigationDestination.swift; sourceTree = "<group>"; };
		A15E2D8D2C8C3335003CA740 /* DashboardViewModel.swift */ = {isa = PBXFileReference; lastKnownFileType = sourcecode.swift; path = DashboardViewModel.swift; sourceTree = "<group>"; };
		A15E2D912C8C40E4003CA740 /* EmptyView.swift */ = {isa = PBXFileReference; lastKnownFileType = sourcecode.swift; path = EmptyView.swift; sourceTree = "<group>"; };
		A15E2D942C8C4603003CA740 /* Card View.swift */ = {isa = PBXFileReference; lastKnownFileType = sourcecode.swift; path = "Card View.swift"; sourceTree = "<group>"; };
		A179B8802C9C932300B79E80 /* Logger.swift */ = {isa = PBXFileReference; lastKnownFileType = sourcecode.swift; path = Logger.swift; sourceTree = "<group>"; };
		A1D8F6CD2CB3CAFE00530A66 /* Calendar Extensions.swift */ = {isa = PBXFileReference; lastKnownFileType = sourcecode.swift; path = "Calendar Extensions.swift"; sourceTree = "<group>"; };
/* End PBXFileReference section */

/* Begin PBXFrameworksBuildPhase section */
		A15D1C0F2C88BB6D00A115DF /* Frameworks */ = {
			isa = PBXFrameworksBuildPhase;
			buildActionMask = 2147483647;
			files = (
			);
			runOnlyForDeploymentPostprocessing = 0;
		};
/* End PBXFrameworksBuildPhase section */

/* Begin PBXGroup section */
		A15B30002C8B8F87007F28B6 /* Managers */ = {
			isa = PBXGroup;
			children = (
				A15B30022C8B91F8007F28B6 /* HealthKitManager.swift */,
				A179B8802C9C932300B79E80 /* Logger.swift */,
			);
			path = Managers;
			sourceTree = "<group>";
		};
		A15B30042C8B9314007F28B6 /* Screens */ = {
			isa = PBXGroup;
			children = (
				A15E2D872C8C2EEB003CA740 /* Dashbard View */,
				A15B30062C8B9353007F28B6 /* Permission Request View */,
			);
			path = Screens;
			sourceTree = "<group>";
		};
		A15B30052C8B9327007F28B6 /* App */ = {
			isa = PBXGroup;
			children = (
				A15B30012C8B9175007F28B6 /* Health App.entitlements */,
				A15D1C192C88BB6E00A115DF /* Assets.xcassets */,
				A15D1C152C88BB6D00A115DF /* Health_AppApp.swift */,
				A15D1C1B2C88BB6E00A115DF /* Preview Content */,
			);
			name = App;
			sourceTree = "<group>";
		};
		A15B30062C8B9353007F28B6 /* Permission Request View */ = {
			isa = PBXGroup;
			children = (
				A15D1C172C88BB6D00A115DF /* PermissionRequestView.swift */,
				A15B30072C8B936D007F28B6 /* PermissionRequestViewModel.swift */,
			);
			path = "Permission Request View";
			sourceTree = "<group>";
		};
		A15D1C092C88BB6D00A115DF = {
			isa = PBXGroup;
			children = (
				A15D1C142C88BB6D00A115DF /* Health App */,
				A15D1C132C88BB6D00A115DF /* Products */,
			);
			sourceTree = "<group>";
		};
		A15D1C132C88BB6D00A115DF /* Products */ = {
			isa = PBXGroup;
			children = (
				A15D1C122C88BB6D00A115DF /* Health App.app */,
			);
			name = Products;
			sourceTree = "<group>";
		};
		A15D1C142C88BB6D00A115DF /* Health App */ = {
			isa = PBXGroup;
			children = (
				A15E2D8F2C8C40C5003CA740 /* Views */,
				A15B30042C8B9314007F28B6 /* Screens */,
				A15E2D8A2C8C3060003CA740 /* Utils */,
				A15B30002C8B8F87007F28B6 /* Managers */,
				A1D8F6CC2CB3CAE000530A66 /* Extensions */,
				A15B30052C8B9327007F28B6 /* App */,
			);
			path = "Health App";
			sourceTree = "<group>";
		};
		A15D1C1B2C88BB6E00A115DF /* Preview Content */ = {
			isa = PBXGroup;
			children = (
				A15D1C1C2C88BB6E00A115DF /* Preview Assets.xcassets */,
			);
			path = "Preview Content";
			sourceTree = "<group>";
		};
		A15E2D872C8C2EEB003CA740 /* Dashbard View */ = {
			isa = PBXGroup;
			children = (
				A15E2D882C8C2EF9003CA740 /* DashboardView.swift */,
				A15E2D8D2C8C3335003CA740 /* DashboardViewModel.swift */,
			);
			path = "Dashbard View";
			sourceTree = "<group>";
		};
		A15E2D8A2C8C3060003CA740 /* Utils */ = {
			isa = PBXGroup;
			children = (
				A15E2D8B2C8C3071003CA740 /* NavigationDestination.swift */,
			);
			path = Utils;
			sourceTree = "<group>";
		};
		A15E2D8F2C8C40C5003CA740 /* Views */ = {
			isa = PBXGroup;
			children = (
				A15E2D932C8C45FB003CA740 /* Card View */,
				A15E2D902C8C40CC003CA740 /* Empty View */,
			);
			path = Views;
			sourceTree = "<group>";
		};
		A15E2D902C8C40CC003CA740 /* Empty View */ = {
			isa = PBXGroup;
			children = (
				A15E2D912C8C40E4003CA740 /* EmptyView.swift */,
			);
			path = "Empty View";
			sourceTree = "<group>";
		};
		A15E2D932C8C45FB003CA740 /* Card View */ = {
			isa = PBXGroup;
			children = (
				A15E2D942C8C4603003CA740 /* Card View.swift */,
			);
			path = "Card View";
			sourceTree = "<group>";
		};
		A1D8F6CC2CB3CAE000530A66 /* Extensions */ = {
			isa = PBXGroup;
			children = (
				A1D8F6CD2CB3CAFE00530A66 /* Calendar Extensions.swift */,
			);
			path = Extensions;
			sourceTree = "<group>";
		};
/* End PBXGroup section */

/* Begin PBXNativeTarget section */
		A15D1C112C88BB6D00A115DF /* Health App */ = {
			isa = PBXNativeTarget;
			buildConfigurationList = A15D1C202C88BB6E00A115DF /* Build configuration list for PBXNativeTarget "Health App" */;
			buildPhases = (
				A15D1C0E2C88BB6D00A115DF /* Sources */,
				A15D1C0F2C88BB6D00A115DF /* Frameworks */,
				A15D1C102C88BB6D00A115DF /* Resources */,
			);
			buildRules = (
			);
			dependencies = (
			);
			name = "Health App";
			productName = "Health App";
			productReference = A15D1C122C88BB6D00A115DF /* Health App.app */;
			productType = "com.apple.product-type.application";
		};
/* End PBXNativeTarget section */

/* Begin PBXProject section */
		A15D1C0A2C88BB6D00A115DF /* Project object */ = {
			isa = PBXProject;
			attributes = {
				BuildIndependentTargetsInParallel = 1;
				LastSwiftUpdateCheck = 1540;
				LastUpgradeCheck = 1540;
				TargetAttributes = {
					A15D1C112C88BB6D00A115DF = {
						CreatedOnToolsVersion = 15.4;
					};
				};
			};
			buildConfigurationList = A15D1C0D2C88BB6D00A115DF /* Build configuration list for PBXProject "Health App" */;
			compatibilityVersion = "Xcode 14.0";
			developmentRegion = en;
			hasScannedForEncodings = 0;
			knownRegions = (
				en,
				Base,
			);
			mainGroup = A15D1C092C88BB6D00A115DF;
			productRefGroup = A15D1C132C88BB6D00A115DF /* Products */;
			projectDirPath = "";
			projectRoot = "";
			targets = (
				A15D1C112C88BB6D00A115DF /* Health App */,
			);
		};
/* End PBXProject section */

/* Begin PBXResourcesBuildPhase section */
		A15D1C102C88BB6D00A115DF /* Resources */ = {
			isa = PBXResourcesBuildPhase;
			buildActionMask = 2147483647;
			files = (
				A15D1C1D2C88BB6E00A115DF /* Preview Assets.xcassets in Resources */,
				A15D1C1A2C88BB6E00A115DF /* Assets.xcassets in Resources */,
			);
			runOnlyForDeploymentPostprocessing = 0;
		};
/* End PBXResourcesBuildPhase section */

/* Begin PBXSourcesBuildPhase section */
		A15D1C0E2C88BB6D00A115DF /* Sources */ = {
			isa = PBXSourcesBuildPhase;
			buildActionMask = 2147483647;
			files = (
				A15E2D952C8C4603003CA740 /* Card View.swift in Sources */,
				A15D1C182C88BB6D00A115DF /* PermissionRequestView.swift in Sources */,
				A1D8F6CE2CB3CAFE00530A66 /* Calendar Extensions.swift in Sources */,
				A15D1C162C88BB6D00A115DF /* Health_AppApp.swift in Sources */,
				A15E2D892C8C2EF9003CA740 /* DashboardView.swift in Sources */,
				A15B30082C8B936D007F28B6 /* PermissionRequestViewModel.swift in Sources */,
				A179B8812C9C932300B79E80 /* Logger.swift in Sources */,
				A15E2D922C8C40E4003CA740 /* EmptyView.swift in Sources */,
				A15E2D8C2C8C3071003CA740 /* NavigationDestination.swift in Sources */,
				A15B30032C8B91F8007F28B6 /* HealthKitManager.swift in Sources */,
				A15E2D8E2C8C3335003CA740 /* DashboardViewModel.swift in Sources */,
			);
			runOnlyForDeploymentPostprocessing = 0;
		};
/* End PBXSourcesBuildPhase section */

/* Begin XCBuildConfiguration section */
		A15D1C1E2C88BB6E00A115DF /* Debug */ = {
			isa = XCBuildConfiguration;
			buildSettings = {
				ALWAYS_SEARCH_USER_PATHS = NO;
				ASSETCATALOG_COMPILER_GENERATE_SWIFT_ASSET_SYMBOL_EXTENSIONS = YES;
				CLANG_ANALYZER_NONNULL = YES;
				CLANG_ANALYZER_NUMBER_OBJECT_CONVERSION = YES_AGGRESSIVE;
				CLANG_CXX_LANGUAGE_STANDARD = "gnu++20";
				CLANG_ENABLE_MODULES = YES;
				CLANG_ENABLE_OBJC_ARC = YES;
				CLANG_ENABLE_OBJC_WEAK = YES;
				CLANG_WARN_BLOCK_CAPTURE_AUTORELEASING = YES;
				CLANG_WARN_BOOL_CONVERSION = YES;
				CLANG_WARN_COMMA = YES;
				CLANG_WARN_CONSTANT_CONVERSION = YES;
				CLANG_WARN_DEPRECATED_OBJC_IMPLEMENTATIONS = YES;
				CLANG_WARN_DIRECT_OBJC_ISA_USAGE = YES_ERROR;
				CLANG_WARN_DOCUMENTATION_COMMENTS = YES;
				CLANG_WARN_EMPTY_BODY = YES;
				CLANG_WARN_ENUM_CONVERSION = YES;
				CLANG_WARN_INFINITE_RECURSION = YES;
				CLANG_WARN_INT_CONVERSION = YES;
				CLANG_WARN_NON_LITERAL_NULL_CONVERSION = YES;
				CLANG_WARN_OBJC_IMPLICIT_RETAIN_SELF = YES;
				CLANG_WARN_OBJC_LITERAL_CONVERSION = YES;
				CLANG_WARN_OBJC_ROOT_CLASS = YES_ERROR;
				CLANG_WARN_QUOTED_INCLUDE_IN_FRAMEWORK_HEADER = YES;
				CLANG_WARN_RANGE_LOOP_ANALYSIS = YES;
				CLANG_WARN_STRICT_PROTOTYPES = YES;
				CLANG_WARN_SUSPICIOUS_MOVE = YES;
				CLANG_WARN_UNGUARDED_AVAILABILITY = YES_AGGRESSIVE;
				CLANG_WARN_UNREACHABLE_CODE = YES;
				CLANG_WARN__DUPLICATE_METHOD_MATCH = YES;
				COPY_PHASE_STRIP = NO;
				DEBUG_INFORMATION_FORMAT = dwarf;
				ENABLE_STRICT_OBJC_MSGSEND = YES;
				ENABLE_TESTABILITY = YES;
				ENABLE_USER_SCRIPT_SANDBOXING = YES;
				GCC_C_LANGUAGE_STANDARD = gnu17;
				GCC_DYNAMIC_NO_PIC = NO;
				GCC_NO_COMMON_BLOCKS = YES;
				GCC_OPTIMIZATION_LEVEL = 0;
				GCC_PREPROCESSOR_DEFINITIONS = (
					"DEBUG=1",
					"$(inherited)",
				);
				GCC_WARN_64_TO_32_BIT_CONVERSION = YES;
				GCC_WARN_ABOUT_RETURN_TYPE = YES_ERROR;
				GCC_WARN_UNDECLARED_SELECTOR = YES;
				GCC_WARN_UNINITIALIZED_AUTOS = YES_AGGRESSIVE;
				GCC_WARN_UNUSED_FUNCTION = YES;
				GCC_WARN_UNUSED_VARIABLE = YES;
				IPHONEOS_DEPLOYMENT_TARGET = 17.5;
				LOCALIZATION_PREFERS_STRING_CATALOGS = YES;
				MTL_ENABLE_DEBUG_INFO = INCLUDE_SOURCE;
				MTL_FAST_MATH = YES;
				ONLY_ACTIVE_ARCH = YES;
				SDKROOT = iphoneos;
				SWIFT_ACTIVE_COMPILATION_CONDITIONS = "DEBUG $(inherited)";
				SWIFT_OPTIMIZATION_LEVEL = "-Onone";
			};
			name = Debug;
		};
		A15D1C1F2C88BB6E00A115DF /* Release */ = {
			isa = XCBuildConfiguration;
			buildSettings = {
				ALWAYS_SEARCH_USER_PATHS = NO;
				ASSETCATALOG_COMPILER_GENERATE_SWIFT_ASSET_SYMBOL_EXTENSIONS = YES;
				CLANG_ANALYZER_NONNULL = YES;
				CLANG_ANALYZER_NUMBER_OBJECT_CONVERSION = YES_AGGRESSIVE;
				CLANG_CXX_LANGUAGE_STANDARD = "gnu++20";
				CLANG_ENABLE_MODULES = YES;
				CLANG_ENABLE_OBJC_ARC = YES;
				CLANG_ENABLE_OBJC_WEAK = YES;
				CLANG_WARN_BLOCK_CAPTURE_AUTORELEASING = YES;
				CLANG_WARN_BOOL_CONVERSION = YES;
				CLANG_WARN_COMMA = YES;
				CLANG_WARN_CONSTANT_CONVERSION = YES;
				CLANG_WARN_DEPRECATED_OBJC_IMPLEMENTATIONS = YES;
				CLANG_WARN_DIRECT_OBJC_ISA_USAGE = YES_ERROR;
				CLANG_WARN_DOCUMENTATION_COMMENTS = YES;
				CLANG_WARN_EMPTY_BODY = YES;
				CLANG_WARN_ENUM_CONVERSION = YES;
				CLANG_WARN_INFINITE_RECURSION = YES;
				CLANG_WARN_INT_CONVERSION = YES;
				CLANG_WARN_NON_LITERAL_NULL_CONVERSION = YES;
				CLANG_WARN_OBJC_IMPLICIT_RETAIN_SELF = YES;
				CLANG_WARN_OBJC_LITERAL_CONVERSION = YES;
				CLANG_WARN_OBJC_ROOT_CLASS = YES_ERROR;
				CLANG_WARN_QUOTED_INCLUDE_IN_FRAMEWORK_HEADER = YES;
				CLANG_WARN_RANGE_LOOP_ANALYSIS = YES;
				CLANG_WARN_STRICT_PROTOTYPES = YES;
				CLANG_WARN_SUSPICIOUS_MOVE = YES;
				CLANG_WARN_UNGUARDED_AVAILABILITY = YES_AGGRESSIVE;
				CLANG_WARN_UNREACHABLE_CODE = YES;
				CLANG_WARN__DUPLICATE_METHOD_MATCH = YES;
				COPY_PHASE_STRIP = NO;
				DEBUG_INFORMATION_FORMAT = "dwarf-with-dsym";
				ENABLE_NS_ASSERTIONS = NO;
				ENABLE_STRICT_OBJC_MSGSEND = YES;
				ENABLE_USER_SCRIPT_SANDBOXING = YES;
				GCC_C_LANGUAGE_STANDARD = gnu17;
				GCC_NO_COMMON_BLOCKS = YES;
				GCC_WARN_64_TO_32_BIT_CONVERSION = YES;
				GCC_WARN_ABOUT_RETURN_TYPE = YES_ERROR;
				GCC_WARN_UNDECLARED_SELECTOR = YES;
				GCC_WARN_UNINITIALIZED_AUTOS = YES_AGGRESSIVE;
				GCC_WARN_UNUSED_FUNCTION = YES;
				GCC_WARN_UNUSED_VARIABLE = YES;
				IPHONEOS_DEPLOYMENT_TARGET = 17.5;
				LOCALIZATION_PREFERS_STRING_CATALOGS = YES;
				MTL_ENABLE_DEBUG_INFO = NO;
				MTL_FAST_MATH = YES;
				SDKROOT = iphoneos;
				SWIFT_COMPILATION_MODE = wholemodule;
				VALIDATE_PRODUCT = YES;
			};
			name = Release;
		};
		A15D1C212C88BB6E00A115DF /* Debug */ = {
			isa = XCBuildConfiguration;
			buildSettings = {
				ASSETCATALOG_COMPILER_APPICON_NAME = AppIcon;
				ASSETCATALOG_COMPILER_GLOBAL_ACCENT_COLOR_NAME = AccentColor;
				CODE_SIGN_ENTITLEMENTS = "Health App/Health App.entitlements";
				CODE_SIGN_STYLE = Automatic;
				CURRENT_PROJECT_VERSION = 1;
				DEVELOPMENT_ASSET_PATHS = "\"Health App/Preview Content\"";
				DEVELOPMENT_TEAM = 7BXSU3YQGA;
				ENABLE_PREVIEWS = YES;
				GENERATE_INFOPLIST_FILE = YES;
				INFOPLIST_KEY_NSHealthShareUsageDescription = "This app requires access to read your step count and body mass data to display it in the app.";
				INFOPLIST_KEY_NSHealthUpdateUsageDescription = "This app requires access to update your step count and body mass data.";
				INFOPLIST_KEY_UIApplicationSceneManifest_Generation = YES;
				INFOPLIST_KEY_UIApplicationSupportsIndirectInputEvents = YES;
				INFOPLIST_KEY_UILaunchScreen_Generation = YES;
				INFOPLIST_KEY_UISupportedInterfaceOrientations_iPad = "UIInterfaceOrientationPortrait UIInterfaceOrientationPortraitUpsideDown UIInterfaceOrientationLandscapeLeft UIInterfaceOrientationLandscapeRight";
				INFOPLIST_KEY_UISupportedInterfaceOrientations_iPhone = "UIInterfaceOrientationPortrait UIInterfaceOrientationLandscapeLeft UIInterfaceOrientationLandscapeRight";
				LD_RUNPATH_SEARCH_PATHS = (
					"$(inherited)",
					"@executable_path/Frameworks",
				);
				MARKETING_VERSION = 1.0;
				PRODUCT_BUNDLE_IDENTIFIER = "com.castlecode.Health-App";
				PRODUCT_NAME = "$(TARGET_NAME)";
				SWIFT_EMIT_LOC_STRINGS = YES;
				SWIFT_VERSION = 5.0;
				TARGETED_DEVICE_FAMILY = "1,2";
			};
			name = Debug;
		};
		A15D1C222C88BB6E00A115DF /* Release */ = {
			isa = XCBuildConfiguration;
			buildSettings = {
				ASSETCATALOG_COMPILER_APPICON_NAME = AppIcon;
				ASSETCATALOG_COMPILER_GLOBAL_ACCENT_COLOR_NAME = AccentColor;
				CODE_SIGN_ENTITLEMENTS = "Health App/Health App.entitlements";
				CODE_SIGN_STYLE = Automatic;
				CURRENT_PROJECT_VERSION = 1;
				DEVELOPMENT_ASSET_PATHS = "\"Health App/Preview Content\"";
				DEVELOPMENT_TEAM = 7BXSU3YQGA;
				ENABLE_PREVIEWS = YES;
				GENERATE_INFOPLIST_FILE = YES;
				INFOPLIST_KEY_NSHealthShareUsageDescription = "This app requires access to read your step count and body mass data to display it in the app.";
				INFOPLIST_KEY_NSHealthUpdateUsageDescription = "This app requires access to update your step count and body mass data.";
				INFOPLIST_KEY_UIApplicationSceneManifest_Generation = YES;
				INFOPLIST_KEY_UIApplicationSupportsIndirectInputEvents = YES;
				INFOPLIST_KEY_UILaunchScreen_Generation = YES;
				INFOPLIST_KEY_UISupportedInterfaceOrientations_iPad = "UIInterfaceOrientationPortrait UIInterfaceOrientationPortraitUpsideDown UIInterfaceOrientationLandscapeLeft UIInterfaceOrientationLandscapeRight";
				INFOPLIST_KEY_UISupportedInterfaceOrientations_iPhone = "UIInterfaceOrientationPortrait UIInterfaceOrientationLandscapeLeft UIInterfaceOrientationLandscapeRight";
				LD_RUNPATH_SEARCH_PATHS = (
					"$(inherited)",
					"@executable_path/Frameworks",
				);
				MARKETING_VERSION = 1.0;
				PRODUCT_BUNDLE_IDENTIFIER = "com.castlecode.Health-App";
				PRODUCT_NAME = "$(TARGET_NAME)";
				SWIFT_EMIT_LOC_STRINGS = YES;
				SWIFT_VERSION = 5.0;
				TARGETED_DEVICE_FAMILY = "1,2";
			};
			name = Release;
		};
/* End XCBuildConfiguration section */

/* Begin XCConfigurationList section */
		A15D1C0D2C88BB6D00A115DF /* Build configuration list for PBXProject "Health App" */ = {
			isa = XCConfigurationList;
			buildConfigurations = (
				A15D1C1E2C88BB6E00A115DF /* Debug */,
				A15D1C1F2C88BB6E00A115DF /* Release */,
			);
			defaultConfigurationIsVisible = 0;
			defaultConfigurationName = Release;
		};
		A15D1C202C88BB6E00A115DF /* Build configuration list for PBXNativeTarget "Health App" */ = {
			isa = XCConfigurationList;
			buildConfigurations = (
				A15D1C212C88BB6E00A115DF /* Debug */,
				A15D1C222C88BB6E00A115DF /* Release */,
			);
			defaultConfigurationIsVisible = 0;
			defaultConfigurationName = Release;
		};
/* End XCConfigurationList section */
	};
	rootObject = A15D1C0A2C88BB6D00A115DF /* Project object */;
}
